
Microsoft Visual Studio Solution File, Format Version 12.00
# Visual Studio Version 16
VisualStudioVersion = 16.0.32413.511
MinimumVisualStudioVersion = 10.0.40219.1
Project("{FAE04EC0-301F-11D3-BF4B-00C04F79EFBC}") = "atividadeclinica", "atividadeclinica\atividadeclinica.csproj", "{8617182A-AF58-4360-8C19-CAAACF81F3C9}"
EndProject
Global
	GlobalSection(SolutionConfigurationPlatforms) = preSolution
		Debug|Any CPU = Debug|Any CPU
		Release|Any CPU = Release|Any CPU
	EndGlobalSection
	GlobalSection(ProjectConfigurationPlatforms) = postSolution
		{8617182A-AF58-4360-8C19-CAAACF81F3C9}.Debug|Any CPU.ActiveCfg = Debug|Any CPU
		{8617182A-AF58-4360-8C19-CAAACF81F3C9}.Debug|Any CPU.Build.0 = Debug|Any CPU
		{8617182A-AF58-4360-8C19-CAAACF81F3C9}.Release|Any CPU.ActiveCfg = Release|Any CPU
		{8617182A-AF58-4360-8C19-CAAACF81F3C9}.Release|Any CPU.Build.0 = Release|Any CPU
	EndGlobalSection
	GlobalSection(SolutionProperties) = preSolution
		HideSolutionNode = FALSE
	EndGlobalSection
	GlobalSection(ExtensibilityGlobals) = postSolution
		SolutionGuid = {B899FD44-964E-4A43-AB44-D53388ACB05E}
	EndGlobalSection
EndGlobal
